// !$*UTF8*$!
{
	archiveVersion = 1;
	classes = {
	};
	objectVersion = 46;
	objects = {

/* Begin PBXBuildFile section */
		5C8D8A4817FCB5F300D8948A /* Foundation.framework in Frameworks */ = {isa = PBXBuildFile; fileRef = 5C8D8A4717FCB5F300D8948A /* Foundation.framework */; };
		5C8D8A4A17FCB5F300D8948A /* CoreGraphics.framework in Frameworks */ = {isa = PBXBuildFile; fileRef = 5C8D8A4917FCB5F300D8948A /* CoreGraphics.framework */; };
		5C8D8A4C17FCB5F300D8948A /* UIKit.framework in Frameworks */ = {isa = PBXBuildFile; fileRef = 5C8D8A4B17FCB5F300D8948A /* UIKit.framework */; };
		5C8D8A5217FCB5F300D8948A /* InfoPlist.strings in Resources */ = {isa = PBXBuildFile; fileRef = 5C8D8A5017FCB5F300D8948A /* InfoPlist.strings */; };
		5C8D8A5417FCB5F300D8948A /* main.m in Sources */ = {isa = PBXBuildFile; fileRef = 5C8D8A5317FCB5F300D8948A /* main.m */; };
		5C8D8A5817FCB5F300D8948A /* NavigationWorldAppDelegate.m in Sources */ = {isa = PBXBuildFile; fileRef = 5C8D8A5717FCB5F300D8948A /* NavigationWorldAppDelegate.m */; };
		5C8D8A5B17FCB5F300D8948A /* Main.storyboard in Resources */ = {isa = PBXBuildFile; fileRef = 5C8D8A5917FCB5F300D8948A /* Main.storyboard */; };
		5C8D8A5E17FCB5F300D8948A /* NavigationWorldMasterViewController.m in Sources */ = {isa = PBXBuildFile; fileRef = 5C8D8A5D17FCB5F300D8948A /* NavigationWorldMasterViewController.m */; };
		5C8D8A6117FCB5F300D8948A /* NavigationWorldDetailViewController.m in Sources */ = {isa = PBXBuildFile; fileRef = 5C8D8A6017FCB5F300D8948A /* NavigationWorldDetailViewController.m */; };
		5C8D8A6317FCB5F300D8948A /* Images.xcassets in Resources */ = {isa = PBXBuildFile; fileRef = 5C8D8A6217FCB5F300D8948A /* Images.xcassets */; };
		5C8D8A6A17FCB5F300D8948A /* XCTest.framework in Frameworks */ = {isa = PBXBuildFile; fileRef = 5C8D8A6917FCB5F300D8948A /* XCTest.framework */; };
		5C8D8A6B17FCB5F300D8948A /* Foundation.framework in Frameworks */ = {isa = PBXBuildFile; fileRef = 5C8D8A4717FCB5F300D8948A /* Foundation.framework */; };
		5C8D8A6C17FCB5F300D8948A /* UIKit.framework in Frameworks */ = {isa = PBXBuildFile; fileRef = 5C8D8A4B17FCB5F300D8948A /* UIKit.framework */; };
		5C8D8A7417FCB5F300D8948A /* InfoPlist.strings in Resources */ = {isa = PBXBuildFile; fileRef = 5C8D8A7217FCB5F300D8948A /* InfoPlist.strings */; };
		5C8D8A7617FCB5F300D8948A /* NavigationWorldTests.m in Sources */ = {isa = PBXBuildFile; fileRef = 5C8D8A7517FCB5F300D8948A /* NavigationWorldTests.m */; };
/* End PBXBuildFile section */

/* Begin PBXContainerItemProxy section */
		5C8D8A6D17FCB5F300D8948A /* PBXContainerItemProxy */ = {
			isa = PBXContainerItemProxy;
			containerPortal = 5C8D8A3C17FCB5F300D8948A /* Project object */;
			proxyType = 1;
			remoteGlobalIDString = 5C8D8A4317FCB5F300D8948A;
			remoteInfo = NavigationWorld;
		};
/* End PBXContainerItemProxy section */

/* Begin PBXFileReference section */
		5C8D8A4417FCB5F300D8948A /* NavigationWorld.app */ = {isa = PBXFileReference; explicitFileType = wrapper.application; includeInIndex = 0; path = NavigationWorld.app; sourceTree = BUILT_PRODUCTS_DIR; };
		5C8D8A4717FCB5F300D8948A /* Foundation.framework */ = {isa = PBXFileReference; lastKnownFileType = wrapper.framework; name = Foundation.framework; path = System/Library/Frameworks/Foundation.framework; sourceTree = SDKROOT; };
		5C8D8A4917FCB5F300D8948A /* CoreGraphics.framework */ = {isa = PBXFileReference; lastKnownFileType = wrapper.framework; name = CoreGraphics.framework; path = System/Library/Frameworks/CoreGraphics.framework; sourceTree = SDKROOT; };
		5C8D8A4B17FCB5F300D8948A /* UIKit.framework */ = {isa = PBXFileReference; lastKnownFileType = wrapper.framework; name = UIKit.framework; path = System/Library/Frameworks/UIKit.framework; sourceTree = SDKROOT; };
		5C8D8A4F17FCB5F300D8948A /* NavigationWorld-Info.plist */ = {isa = PBXFileReference; lastKnownFileType = text.plist.xml; path = "NavigationWorld-Info.plist"; sourceTree = "<group>"; };
		5C8D8A5117FCB5F300D8948A /* en */ = {isa = PBXFileReference; lastKnownFileType = text.plist.strings; name = en; path = en.lproj/InfoPlist.strings; sourceTree = "<group>"; };
		5C8D8A5317FCB5F300D8948A /* main.m */ = {isa = PBXFileReference; lastKnownFileType = sourcecode.c.objc; path = main.m; sourceTree = "<group>"; };
		5C8D8A5517FCB5F300D8948A /* NavigationWorld-Prefix.pch */ = {isa = PBXFileReference; lastKnownFileType = sourcecode.c.h; path = "NavigationWorld-Prefix.pch"; sourceTree = "<group>"; };
		5C8D8A5617FCB5F300D8948A /* NavigationWorldAppDelegate.h */ = {isa = PBXFileReference; lastKnownFileType = sourcecode.c.h; path = NavigationWorldAppDelegate.h; sourceTree = "<group>"; };
		5C8D8A5717FCB5F300D8948A /* NavigationWorldAppDelegate.m */ = {isa = PBXFileReference; lastKnownFileType = sourcecode.c.objc; path = NavigationWorldAppDelegate.m; sourceTree = "<group>"; };
		5C8D8A5A17FCB5F300D8948A /* Base */ = {isa = PBXFileReference; lastKnownFileType = file.storyboard; name = Base; path = Base.lproj/Main.storyboard; sourceTree = "<group>"; };
		5C8D8A5C17FCB5F300D8948A /* NavigationWorldMasterViewController.h */ = {isa = PBXFileReference; lastKnownFileType = sourcecode.c.h; path = NavigationWorldMasterViewController.h; sourceTree = "<group>"; };
		5C8D8A5D17FCB5F300D8948A /* NavigationWorldMasterViewController.m */ = {isa = PBXFileReference; lastKnownFileType = sourcecode.c.objc; path = NavigationWorldMasterViewController.m; sourceTree = "<group>"; };
		5C8D8A5F17FCB5F300D8948A /* NavigationWorldDetailViewController.h */ = {isa = PBXFileReference; lastKnownFileType = sourcecode.c.h; path = NavigationWorldDetailViewController.h; sourceTree = "<group>"; };
		5C8D8A6017FCB5F300D8948A /* NavigationWorldDetailViewController.m */ = {isa = PBXFileReference; lastKnownFileType = sourcecode.c.objc; path = NavigationWorldDetailViewController.m; sourceTree = "<group>"; };
		5C8D8A6217FCB5F300D8948A /* Images.xcassets */ = {isa = PBXFileReference; lastKnownFileType = folder.assetcatalog; path = Images.xcassets; sourceTree = "<group>"; };
		5C8D8A6817FCB5F300D8948A /* NavigationWorldTests.xctest */ = {isa = PBXFileReference; explicitFileType = wrapper.cfbundle; includeInIndex = 0; path = NavigationWorldTests.xctest; sourceTree = BUILT_PRODUCTS_DIR; };
		5C8D8A6917FCB5F300D8948A /* XCTest.framework */ = {isa = PBXFileReference; lastKnownFileType = wrapper.framework; name = XCTest.framework; path = Library/Frameworks/XCTest.framework; sourceTree = DEVELOPER_DIR; };
		5C8D8A7117FCB5F300D8948A /* NavigationWorldTests-Info.plist */ = {isa = PBXFileReference; lastKnownFileType = text.plist.xml; path = "NavigationWorldTests-Info.plist"; sourceTree = "<group>"; };
		5C8D8A7317FCB5F300D8948A /* en */ = {isa = PBXFileReference; lastKnownFileType = text.plist.strings; name = en; path = en.lproj/InfoPlist.strings; sourceTree = "<group>"; };
		5C8D8A7517FCB5F300D8948A /* NavigationWorldTests.m */ = {isa = PBXFileReference; lastKnownFileType = sourcecode.c.objc; path = NavigationWorldTests.m; sourceTree = "<group>"; };
/* End PBXFileReference section */

/* Begin PBXFrameworksBuildPhase section */
		5C8D8A4117FCB5F300D8948A /* Frameworks */ = {
			isa = PBXFrameworksBuildPhase;
			buildActionMask = 2147483647;
			files = (
				5C8D8A4A17FCB5F300D8948A /* CoreGraphics.framework in Frameworks */,
				5C8D8A4C17FCB5F300D8948A /* UIKit.framework in Frameworks */,
				5C8D8A4817FCB5F300D8948A /* Foundation.framework in Frameworks */,
			);
			runOnlyForDeploymentPostprocessing = 0;
		};
		5C8D8A6517FCB5F300D8948A /* Frameworks */ = {
			isa = PBXFrameworksBuildPhase;
			buildActionMask = 2147483647;
			files = (
				5C8D8A6A17FCB5F300D8948A /* XCTest.framework in Frameworks */,
				5C8D8A6C17FCB5F300D8948A /* UIKit.framework in Frameworks */,
				5C8D8A6B17FCB5F300D8948A /* Foundation.framework in Frameworks */,
			);
			runOnlyForDeploymentPostprocessing = 0;
		};
/* End PBXFrameworksBuildPhase section */

/* Begin PBXGroup section */
		5C8D8A3B17FCB5F300D8948A = {
			isa = PBXGroup;
			children = (
				5C8D8A4D17FCB5F300D8948A /* NavigationWorld */,
				5C8D8A6F17FCB5F300D8948A /* NavigationWorldTests */,
				5C8D8A4617FCB5F300D8948A /* Frameworks */,
				5C8D8A4517FCB5F300D8948A /* Products */,
			);
			sourceTree = "<group>";
		};
		5C8D8A4517FCB5F300D8948A /* Products */ = {
			isa = PBXGroup;
			children = (
				5C8D8A4417FCB5F300D8948A /* NavigationWorld.app */,
				5C8D8A6817FCB5F300D8948A /* NavigationWorldTests.xctest */,
			);
			name = Products;
			sourceTree = "<group>";
		};
		5C8D8A4617FCB5F300D8948A /* Frameworks */ = {
			isa = PBXGroup;
			children = (
				5C8D8A4717FCB5F300D8948A /* Foundation.framework */,
				5C8D8A4917FCB5F300D8948A /* CoreGraphics.framework */,
				5C8D8A4B17FCB5F300D8948A /* UIKit.framework */,
				5C8D8A6917FCB5F300D8948A /* XCTest.framework */,
			);
			name = Frameworks;
			sourceTree = "<group>";
		};
		5C8D8A4D17FCB5F300D8948A /* NavigationWorld */ = {
			isa = PBXGroup;
			children = (
				5C8D8A5617FCB5F300D8948A /* NavigationWorldAppDelegate.h */,
				5C8D8A5717FCB5F300D8948A /* NavigationWorldAppDelegate.m */,
				5C8D8A5917FCB5F300D8948A /* Main.storyboard */,
				5C8D8A5C17FCB5F300D8948A /* NavigationWorldMasterViewController.h */,
				5C8D8A5D17FCB5F300D8948A /* NavigationWorldMasterViewController.m */,
				5C8D8A5F17FCB5F300D8948A /* NavigationWorldDetailViewController.h */,
				5C8D8A6017FCB5F300D8948A /* NavigationWorldDetailViewController.m */,
				5C8D8A6217FCB5F300D8948A /* Images.xcassets */,
				5C8D8A4E17FCB5F300D8948A /* Supporting Files */,
			);
			path = NavigationWorld;
			sourceTree = "<group>";
		};
		5C8D8A4E17FCB5F300D8948A /* Supporting Files */ = {
			isa = PBXGroup;
			children = (
				5C8D8A4F17FCB5F300D8948A /* NavigationWorld-Info.plist */,
				5C8D8A5017FCB5F300D8948A /* InfoPlist.strings */,
				5C8D8A5317FCB5F300D8948A /* main.m */,
				5C8D8A5517FCB5F300D8948A /* NavigationWorld-Prefix.pch */,
			);
			name = "Supporting Files";
			sourceTree = "<group>";
		};
		5C8D8A6F17FCB5F300D8948A /* NavigationWorldTests */ = {
			isa = PBXGroup;
			children = (
				5C8D8A7517FCB5F300D8948A /* NavigationWorldTests.m */,
				5C8D8A7017FCB5F300D8948A /* Supporting Files */,
			);
			path = NavigationWorldTests;
			sourceTree = "<group>";
		};
		5C8D8A7017FCB5F300D8948A /* Supporting Files */ = {
			isa = PBXGroup;
			children = (
				5C8D8A7117FCB5F300D8948A /* NavigationWorldTests-Info.plist */,
				5C8D8A7217FCB5F300D8948A /* InfoPlist.strings */,
			);
			name = "Supporting Files";
			sourceTree = "<group>";
		};
/* End PBXGroup section */

/* Begin PBXNativeTarget section */
		5C8D8A4317FCB5F300D8948A /* NavigationWorld */ = {
			isa = PBXNativeTarget;
			buildConfigurationList = 5C8D8A7917FCB5F300D8948A /* Build configuration list for PBXNativeTarget "NavigationWorld" */;
			buildPhases = (
				5C8D8A4017FCB5F300D8948A /* Sources */,
				5C8D8A4117FCB5F300D8948A /* Frameworks */,
				5C8D8A4217FCB5F300D8948A /* Resources */,
			);
			buildRules = (
			);
			dependencies = (
			);
			name = NavigationWorld;
			productName = NavigationWorld;
			productReference = 5C8D8A4417FCB5F300D8948A /* NavigationWorld.app */;
			productType = "com.apple.product-type.application";
		};
		5C8D8A6717FCB5F300D8948A /* NavigationWorldTests */ = {
			isa = PBXNativeTarget;
			buildConfigurationList = 5C8D8A7C17FCB5F300D8948A /* Build configuration list for PBXNativeTarget "NavigationWorldTests" */;
			buildPhases = (
				5C8D8A6417FCB5F300D8948A /* Sources */,
				5C8D8A6517FCB5F300D8948A /* Frameworks */,
				5C8D8A6617FCB5F300D8948A /* Resources */,
			);
			buildRules = (
			);
			dependencies = (
				5C8D8A6E17FCB5F300D8948A /* PBXTargetDependency */,
			);
			name = NavigationWorldTests;
			productName = NavigationWorldTests;
			productReference = 5C8D8A6817FCB5F300D8948A /* NavigationWorldTests.xctest */;
			productType = "com.apple.product-type.bundle.unit-test";
		};
/* End PBXNativeTarget section */

/* Begin PBXProject section */
		5C8D8A3C17FCB5F300D8948A /* Project object */ = {
			isa = PBXProject;
			attributes = {
				CLASSPREFIX = NavigationWorld;
				LastUpgradeCheck = 0500;
				ORGANIZATIONNAME = Byliner;
				TargetAttributes = {
					5C8D8A6717FCB5F300D8948A = {
						TestTargetID = 5C8D8A4317FCB5F300D8948A;
					};
				};
			};
			buildConfigurationList = 5C8D8A3F17FCB5F300D8948A /* Build configuration list for PBXProject "NavigationWorld" */;
			compatibilityVersion = "Xcode 3.2";
			developmentRegion = English;
			hasScannedForEncodings = 0;
			knownRegions = (
				en,
				Base,
			);
			mainGroup = 5C8D8A3B17FCB5F300D8948A;
			productRefGroup = 5C8D8A4517FCB5F300D8948A /* Products */;
			projectDirPath = "";
			projectRoot = "";
			targets = (
				5C8D8A4317FCB5F300D8948A /* NavigationWorld */,
				5C8D8A6717FCB5F300D8948A /* NavigationWorldTests */,
			);
		};
/* End PBXProject section */

/* Begin PBXResourcesBuildPhase section */
		5C8D8A4217FCB5F300D8948A /* Resources */ = {
			isa = PBXResourcesBuildPhase;
			buildActionMask = 2147483647;
			files = (
				5C8D8A6317FCB5F300D8948A /* Images.xcassets in Resources */,
				5C8D8A5217FCB5F300D8948A /* InfoPlist.strings in Resources */,
				5C8D8A5B17FCB5F300D8948A /* Main.storyboard in Resources */,
			);
			runOnlyForDeploymentPostprocessing = 0;
		};
		5C8D8A6617FCB5F300D8948A /* Resources */ = {
			isa = PBXResourcesBuildPhase;
			buildActionMask = 2147483647;
			files = (
				5C8D8A7417FCB5F300D8948A /* InfoPlist.strings in Resources */,
			);
			runOnlyForDeploymentPostprocessing = 0;
		};
/* End PBXResourcesBuildPhase section */

/* Begin PBXSourcesBuildPhase section */
		5C8D8A4017FCB5F300D8948A /* Sources */ = {
			isa = PBXSourcesBuildPhase;
			buildActionMask = 2147483647;
			files = (
				5C8D8A5E17FCB5F300D8948A /* NavigationWorldMasterViewController.m in Sources */,
				5C8D8A5417FCB5F300D8948A /* main.m in Sources */,
				5C8D8A6117FCB5F300D8948A /* NavigationWorldDetailViewController.m in Sources */,
				5C8D8A5817FCB5F300D8948A /* NavigationWorldAppDelegate.m in Sources */,
			);
			runOnlyForDeploymentPostprocessing = 0;
		};
		5C8D8A6417FCB5F300D8948A /* Sources */ = {
			isa = PBXSourcesBuildPhase;
			buildActionMask = 2147483647;
			files = (
				5C8D8A7617FCB5F300D8948A /* NavigationWorldTests.m in Sources */,
			);
			runOnlyForDeploymentPostprocessing = 0;
		};
/* End PBXSourcesBuildPhase section */

/* Begin PBXTargetDependency section */
		5C8D8A6E17FCB5F300D8948A /* PBXTargetDependency */ = {
			isa = PBXTargetDependency;
			target = 5C8D8A4317FCB5F300D8948A /* NavigationWorld */;
			targetProxy = 5C8D8A6D17FCB5F300D8948A /* PBXContainerItemProxy */;
		};
/* End PBXTargetDependency section */

/* Begin PBXVariantGroup section */
		5C8D8A5017FCB5F300D8948A /* InfoPlist.strings */ = {
			isa = PBXVariantGroup;
			children = (
				5C8D8A5117FCB5F300D8948A /* en */,
			);
			name = InfoPlist.strings;
			sourceTree = "<group>";
		};
		5C8D8A5917FCB5F300D8948A /* Main.storyboard */ = {
			isa = PBXVariantGroup;
			children = (
				5C8D8A5A17FCB5F300D8948A /* Base */,
			);
			name = Main.storyboard;
			sourceTree = "<group>";
		};
		5C8D8A7217FCB5F300D8948A /* InfoPlist.strings */ = {
			isa = PBXVariantGroup;
			children = (
				5C8D8A7317FCB5F300D8948A /* en */,
			);
			name = InfoPlist.strings;
			sourceTree = "<group>";
		};
/* End PBXVariantGroup section */

/* Begin XCBuildConfiguration section */
		5C8D8A7717FCB5F300D8948A /* Debug */ = {
			isa = XCBuildConfiguration;
			buildSettings = {
				ALWAYS_SEARCH_USER_PATHS = NO;
				ARCHS = "$(ARCHS_STANDARD_INCLUDING_64_BIT)";
				CLANG_CXX_LANGUAGE_STANDARD = "gnu++0x";
				CLANG_CXX_LIBRARY = "libc++";
				CLANG_ENABLE_MODULES = YES;
				CLANG_ENABLE_OBJC_ARC = YES;
				CLANG_WARN_BOOL_CONVERSION = YES;
				CLANG_WARN_CONSTANT_CONVERSION = YES;
				CLANG_WARN_DIRECT_OBJC_ISA_USAGE = YES_ERROR;
				CLANG_WARN_EMPTY_BODY = YES;
				CLANG_WARN_ENUM_CONVERSION = YES;
				CLANG_WARN_INT_CONVERSION = YES;
				CLANG_WARN_OBJC_ROOT_CLASS = YES_ERROR;
				CLANG_WARN__DUPLICATE_METHOD_MATCH = YES;
				"CODE_SIGN_IDENTITY[sdk=iphoneos*]" = "iPhone Developer";
				COPY_PHASE_STRIP = NO;
				GCC_C_LANGUAGE_STANDARD = gnu99;
				GCC_DYNAMIC_NO_PIC = NO;
				GCC_OPTIMIZATION_LEVEL = 0;
				GCC_PREPROCESSOR_DEFINITIONS = (
					"DEBUG=1",
					"$(inherited)",
				);
				GCC_SYMBOLS_PRIVATE_EXTERN = NO;
				GCC_WARN_64_TO_32_BIT_CONVERSION = YES;
				GCC_WARN_ABOUT_RETURN_TYPE = YES_ERROR;
				GCC_WARN_UNDECLARED_SELECTOR = YES;
				GCC_WARN_UNINITIALIZED_AUTOS = YES;
				GCC_WARN_UNUSED_FUNCTION = YES;
				GCC_WARN_UNUSED_VARIABLE = YES;
				IPHONEOS_DEPLOYMENT_TARGET = 7.0;
				ONLY_ACTIVE_ARCH = YES;
				SDKROOT = iphoneos;
			};
			name = Debug;
		};
		5C8D8A7817FCB5F300D8948A /* Release */ = {
			isa = XCBuildConfiguration;
			buildSettings = {
				ALWAYS_SEARCH_USER_PATHS = NO;
				ARCHS = "$(ARCHS_STANDARD_INCLUDING_64_BIT)";
				CLANG_CXX_LANGUAGE_STANDARD = "gnu++0x";
				CLANG_CXX_LIBRARY = "libc++";
				CLANG_ENABLE_MODULES = YES;
				CLANG_ENABLE_OBJC_ARC = YES;
				CLANG_WARN_BOOL_CONVERSION = YES;
				CLANG_WARN_CONSTANT_CONVERSION = YES;
				CLANG_WARN_DIRECT_OBJC_ISA_USAGE = YES_ERROR;
				CLANG_WARN_EMPTY_BODY = YES;
				CLANG_WARN_ENUM_CONVERSION = YES;
				CLANG_WARN_INT_CONVERSION = YES;
				CLANG_WARN_OBJC_ROOT_CLASS = YES_ERROR;
				CLANG_WARN__DUPLICATE_METHOD_MATCH = YES;
				"CODE_SIGN_IDENTITY[sdk=iphoneos*]" = "iPhone Developer";
				COPY_PHASE_STRIP = YES;
				ENABLE_NS_ASSERTIONS = NO;
				GCC_C_LANGUAGE_STANDARD = gnu99;
				GCC_WARN_64_TO_32_BIT_CONVERSION = YES;
				GCC_WARN_ABOUT_RETURN_TYPE = YES_ERROR;
				GCC_WARN_UNDECLARED_SELECTOR = YES;
				GCC_WARN_UNINITIALIZED_AUTOS = YES;
				GCC_WARN_UNUSED_FUNCTION = YES;
				GCC_WARN_UNUSED_VARIABLE = YES;
				IPHONEOS_DEPLOYMENT_TARGET = 7.0;
				SDKROOT = iphoneos;
				VALIDATE_PRODUCT = YES;
			};
			name = Release;
		};
		5C8D8A7A17FCB5F300D8948A /* Debug */ = {
			isa = XCBuildConfiguration;
			buildSettings = {
				ASSETCATALOG_COMPILER_APPICON_NAME = AppIcon;
				ASSETCATALOG_COMPILER_LAUNCHIMAGE_NAME = LaunchImage;
				GCC_PRECOMPILE_PREFIX_HEADER = YES;
				GCC_PREFIX_HEADER = "NavigationWorld/NavigationWorld-Prefix.pch";
				INFOPLIST_FILE = "NavigationWorld/NavigationWorld-Info.plist";
				PRODUCT_NAME = "$(TARGET_NAME)";
				WRAPPER_EXTENSION = app;
			};
			name = Debug;
		};
		5C8D8A7B17FCB5F300D8948A /* Release */ = {
			isa = XCBuildConfiguration;
			buildSettings = {
				ASSETCATALOG_COMPILER_APPICON_NAME = AppIcon;
				ASSETCATALOG_COMPILER_LAUNCHIMAGE_NAME = LaunchImage;
				GCC_PRECOMPILE_PREFIX_HEADER = YES;
				GCC_PREFIX_HEADER = "NavigationWorld/NavigationWorld-Prefix.pch";
				INFOPLIST_FILE = "NavigationWorld/NavigationWorld-Info.plist";
				PRODUCT_NAME = "$(TARGET_NAME)";
				WRAPPER_EXTENSION = app;
			};
			name = Release;
		};
		5C8D8A7D17FCB5F300D8948A /* Debug */ = {
			isa = XCBuildConfiguration;
			buildSettings = {
				ARCHS = "$(ARCHS_STANDARD_INCLUDING_64_BIT)";
				BUNDLE_LOADER = "$(BUILT_PRODUCTS_DIR)/NavigationWorld.app/NavigationWorld";
				FRAMEWORK_SEARCH_PATHS = (
					"$(SDKROOT)/Developer/Library/Frameworks",
					"$(inherited)",
					"$(DEVELOPER_FRAMEWORKS_DIR)",
				);
				GCC_PRECOMPILE_PREFIX_HEADER = YES;
				GCC_PREFIX_HEADER = "NavigationWorld/NavigationWorld-Prefix.pch";
				GCC_PREPROCESSOR_DEFINITIONS = (
					"DEBUG=1",
					"$(inherited)",
				);
				INFOPLIST_FILE = "NavigationWorldTests/NavigationWorldTests-Info.plist";
				PRODUCT_NAME = "$(TARGET_NAME)";
				TEST_HOST = "$(BUNDLE_LOADER)";
				WRAPPER_EXTENSION = xctest;
			};
			name = Debug;
		};
		5C8D8A7E17FCB5F300D8948A /* Release */ = {
			isa = XCBuildConfiguration;
			buildSettings = {
				ARCHS = "$(ARCHS_STANDARD_INCLUDING_64_BIT)";
				BUNDLE_LOADER = "$(BUILT_PRODUCTS_DIR)/NavigationWorld.app/NavigationWorld";
				FRAMEWORK_SEARCH_PATHS = (
					"$(SDKROOT)/Developer/Library/Frameworks",
					"$(inherited)",
					"$(DEVELOPER_FRAMEWORKS_DIR)",
				);
				GCC_PRECOMPILE_PREFIX_HEADER = YES;
				GCC_PREFIX_HEADER = "NavigationWorld/NavigationWorld-Prefix.pch";
				INFOPLIST_FILE = "NavigationWorldTests/NavigationWorldTests-Info.plist";
				PRODUCT_NAME = "$(TARGET_NAME)";
				TEST_HOST = "$(BUNDLE_LOADER)";
				WRAPPER_EXTENSION = xctest;
			};
			name = Release;
		};
/* End XCBuildConfiguration section */

/* Begin XCConfigurationList section */
		5C8D8A3F17FCB5F300D8948A /* Build configuration list for PBXProject "NavigationWorld" */ = {
			isa = XCConfigurationList;
			buildConfigurations = (
				5C8D8A7717FCB5F300D8948A /* Debug */,
				5C8D8A7817FCB5F300D8948A /* Release */,
			);
			defaultConfigurationIsVisible = 0;
			defaultConfigurationName = Release;
		};
		5C8D8A7917FCB5F300D8948A /* Build configuration list for PBXNativeTarget "NavigationWorld" */ = {
			isa = XCConfigurationList;
			buildConfigurations = (
				5C8D8A7A17FCB5F300D8948A /* Debug */,
				5C8D8A7B17FCB5F300D8948A /* Release */,
			);
			defaultConfigurationIsVisible = 0;
		};
		5C8D8A7C17FCB5F300D8948A /* Build configuration list for PBXNativeTarget "NavigationWorldTests" */ = {
			isa = XCConfigurationList;
			buildConfigurations = (
				5C8D8A7D17FCB5F300D8948A /* Debug */,
				5C8D8A7E17FCB5F300D8948A /* Release */,
			);
			defaultConfigurationIsVisible = 0;
		};
/* End XCConfigurationList section */
	};
	rootObject = 5C8D8A3C17FCB5F300D8948A /* Project object */;
}
